// !$*UTF8*$!
{
	archiveVersion = 1;
	classes = {
	};
	objectVersion = 55;
	objects = {

/* Begin PBXBuildFile section */
		41034EC80FF0F678968D5D9F /* libPods-EatApp.a in Frameworks */ = {isa = PBXBuildFile; fileRef = EA79A2E84737016ED044753C /* libPods-EatApp.a */; };
		4D1A3C6628CD7FE00092FA20 /* RestuarantCollectionViewCell.swift in Sources */ = {isa = PBXBuildFile; fileRef = 4D1A3C6428CD7FE00092FA20 /* RestuarantCollectionViewCell.swift */; };
		4D1A3C6728CD7FE00092FA20 /* RestuarantCollectionViewCell.xib in Resources */ = {isa = PBXBuildFile; fileRef = 4D1A3C6528CD7FE00092FA20 /* RestuarantCollectionViewCell.xib */; };
		4D31165228CE04C80059B0AE /* PaddingLabel.swift in Sources */ = {isa = PBXBuildFile; fileRef = 4D31165128CE04C80059B0AE /* PaddingLabel.swift */; };
		4D5EEF5628C01CE300462B0C /* CategoryCollectionViewCell.swift in Sources */ = {isa = PBXBuildFile; fileRef = 4D5EEF5428C01CE300462B0C /* CategoryCollectionViewCell.swift */; };
		4D5EEF5728C01CE300462B0C /* CategoryCollectionViewCell.xib in Resources */ = {isa = PBXBuildFile; fileRef = 4D5EEF5528C01CE300462B0C /* CategoryCollectionViewCell.xib */; };
		4D5EEF5928C01DAF00462B0C /* UIView.swift in Sources */ = {isa = PBXBuildFile; fileRef = 4D5EEF5828C01DAF00462B0C /* UIView.swift */; };
		4D5EEF5B28C0FC7500462B0C /* ServiceRouter.swift in Sources */ = {isa = PBXBuildFile; fileRef = 4D5EEF5A28C0FC7500462B0C /* ServiceRouter.swift */; };
		4D5EEF5D28C0FF4800462B0C /* HomepageService.swift in Sources */ = {isa = PBXBuildFile; fileRef = 4D5EEF5C28C0FF4800462B0C /* HomepageService.swift */; };
		4D5EEF5F28C1001E00462B0C /* CategoryResponse.swift in Sources */ = {isa = PBXBuildFile; fileRef = 4D5EEF5E28C1001E00462B0C /* CategoryResponse.swift */; };
		4D5EEF6128C100C600462B0C /* DiscountResponse.swift in Sources */ = {isa = PBXBuildFile; fileRef = 4D5EEF6028C100C600462B0C /* DiscountResponse.swift */; };
		4D5EEF6328C1013300462B0C /* RecommendResponse.swift in Sources */ = {isa = PBXBuildFile; fileRef = 4D5EEF6228C1013300462B0C /* RecommendResponse.swift */; };
		4D5EEF6528C101D800462B0C /* RestuarantListResponse.swift in Sources */ = {isa = PBXBuildFile; fileRef = 4D5EEF6428C101D800462B0C /* RestuarantListResponse.swift */; };
		4D5EEF6728C102AF00462B0C /* RestuarantResponse.swift in Sources */ = {isa = PBXBuildFile; fileRef = 4D5EEF6628C102AF00462B0C /* RestuarantResponse.swift */; };
		4D5EEF6A28C1071D00462B0C /* HomepageModel.swift in Sources */ = {isa = PBXBuildFile; fileRef = 4D5EEF6928C1071D00462B0C /* HomepageModel.swift */; };
		4D6CDE4F28C241D400A9E40C /* UIImageView.swift in Sources */ = {isa = PBXBuildFile; fileRef = 4D6CDE4E28C241D400A9E40C /* UIImageView.swift */; };
		4D6CDE5428C24CCD00A9E40C /* RecommendCollectionViewCell.swift in Sources */ = {isa = PBXBuildFile; fileRef = 4D6CDE5228C24CCD00A9E40C /* RecommendCollectionViewCell.swift */; };
		4D6CDE5528C24CCD00A9E40C /* RecommendCollectionViewCell.xib in Resources */ = {isa = PBXBuildFile; fileRef = 4D6CDE5328C24CCD00A9E40C /* RecommendCollectionViewCell.xib */; };
		4D73F8C728BD37C800D6D044 /* HomepageViewModel.swift in Sources */ = {isa = PBXBuildFile; fileRef = 4D73F8C628BD37C800D6D044 /* HomepageViewModel.swift */; };
		4D73F8CB28BD3A3000D6D044 /* DiscountCollectionViewCell.swift in Sources */ = {isa = PBXBuildFile; fileRef = 4D73F8C928BD3A3000D6D044 /* DiscountCollectionViewCell.swift */; };
		4D73F8CC28BD3A3000D6D044 /* DiscountCollectionViewCell.xib in Resources */ = {isa = PBXBuildFile; fileRef = 4D73F8CA28BD3A3000D6D044 /* DiscountCollectionViewCell.xib */; };
		4D73F8D028BD9CEC00D6D044 /* UICollectionViewCell.swift in Sources */ = {isa = PBXBuildFile; fileRef = 4D73F8CF28BD9CEC00D6D044 /* UICollectionViewCell.swift */; };
		4D73F8D828BDA8F700D6D044 /* HeaderView.swift in Sources */ = {isa = PBXBuildFile; fileRef = 4D73F8D628BDA8F700D6D044 /* HeaderView.swift */; };
		4D73F8D928BDA8F700D6D044 /* HeaderView.xib in Resources */ = {isa = PBXBuildFile; fileRef = 4D73F8D728BDA8F700D6D044 /* HeaderView.xib */; };
		4D87C61F28BBBACF002B0F8B /* AppDelegate.swift in Sources */ = {isa = PBXBuildFile; fileRef = 4D87C61E28BBBACF002B0F8B /* AppDelegate.swift */; };
		4D87C62128BBBACF002B0F8B /* SceneDelegate.swift in Sources */ = {isa = PBXBuildFile; fileRef = 4D87C62028BBBACF002B0F8B /* SceneDelegate.swift */; };
		4D87C62328BBBACF002B0F8B /* HomepageViewController.swift in Sources */ = {isa = PBXBuildFile; fileRef = 4D87C62228BBBACF002B0F8B /* HomepageViewController.swift */; };
		4D87C62628BBBACF002B0F8B /* Main.storyboard in Resources */ = {isa = PBXBuildFile; fileRef = 4D87C62428BBBACF002B0F8B /* Main.storyboard */; };
		4D87C62828BBBAD0002B0F8B /* Assets.xcassets in Resources */ = {isa = PBXBuildFile; fileRef = 4D87C62728BBBAD0002B0F8B /* Assets.xcassets */; };
		4D87C63628BBBAD0002B0F8B /* EatAppTests.swift in Sources */ = {isa = PBXBuildFile; fileRef = 4D87C63528BBBAD0002B0F8B /* EatAppTests.swift */; };
		4D87C64028BBBAD0002B0F8B /* EatAppUITests.swift in Sources */ = {isa = PBXBuildFile; fileRef = 4D87C63F28BBBAD0002B0F8B /* EatAppUITests.swift */; };
		4D87C64228BBBAD0002B0F8B /* EatAppUITestsLaunchTests.swift in Sources */ = {isa = PBXBuildFile; fileRef = 4D87C64128BBBAD0002B0F8B /* EatAppUITestsLaunchTests.swift */; };
		4D87C67428BBBB6A002B0F8B /* ENetwork.framework in Frameworks */ = {isa = PBXBuildFile; fileRef = 4D87C67328BBBB6A002B0F8B /* ENetwork.framework */; };
		4D87C67528BBBB6A002B0F8B /* ENetwork.framework in Embed Frameworks */ = {isa = PBXBuildFile; fileRef = 4D87C67328BBBB6A002B0F8B /* ENetwork.framework */; settings = {ATTRIBUTES = (CodeSignOnCopy, RemoveHeadersOnCopy, ); }; };
		F3865C9FAEF1FB8819335200 /* libPods-EatAppUITests.a in Frameworks */ = {isa = PBXBuildFile; fileRef = 7322E5EF166BF77B55AF62DD /* libPods-EatAppUITests.a */; };
		F7724EE1D952F003CD372318 /* libPods-EatAppTests.a in Frameworks */ = {isa = PBXBuildFile; fileRef = 350701A1DC55A68DDFFE69EB /* libPods-EatAppTests.a */; };
/* End PBXBuildFile section */

/* Begin PBXContainerItemProxy section */
		4D87C63228BBBAD0002B0F8B /* PBXContainerItemProxy */ = {
			isa = PBXContainerItemProxy;
			containerPortal = 4D87C61328BBBACF002B0F8B /* Project object */;
			proxyType = 1;
			remoteGlobalIDString = 4D87C61A28BBBACF002B0F8B;
			remoteInfo = EatApp;
		};
		4D87C63C28BBBAD0002B0F8B /* PBXContainerItemProxy */ = {
			isa = PBXContainerItemProxy;
			containerPortal = 4D87C61328BBBACF002B0F8B /* Project object */;
			proxyType = 1;
			remoteGlobalIDString = 4D87C61A28BBBACF002B0F8B;
			remoteInfo = EatApp;
		};
/* End PBXContainerItemProxy section */

/* Begin PBXCopyFilesBuildPhase section */
		4D87C67628BBBB6A002B0F8B /* Embed Frameworks */ = {
			isa = PBXCopyFilesBuildPhase;
			buildActionMask = 2147483647;
			dstPath = "";
			dstSubfolderSpec = 10;
			files = (
				4D87C67528BBBB6A002B0F8B /* ENetwork.framework in Embed Frameworks */,
			);
			name = "Embed Frameworks";
			runOnlyForDeploymentPostprocessing = 0;
		};
/* End PBXCopyFilesBuildPhase section */

/* Begin PBXFileReference section */
		350701A1DC55A68DDFFE69EB /* libPods-EatAppTests.a */ = {isa = PBXFileReference; explicitFileType = archive.ar; includeInIndex = 0; path = "libPods-EatAppTests.a"; sourceTree = BUILT_PRODUCTS_DIR; };
		45E4660BD18FA9301D5147B4 /* Pods-EatAppUITests.debug.xcconfig */ = {isa = PBXFileReference; includeInIndex = 1; lastKnownFileType = text.xcconfig; name = "Pods-EatAppUITests.debug.xcconfig"; path = "Target Support Files/Pods-EatAppUITests/Pods-EatAppUITests.debug.xcconfig"; sourceTree = "<group>"; };
		491D88CDC5DE7F48D92B19BE /* Pods-EatAppUITests.release.xcconfig */ = {isa = PBXFileReference; includeInIndex = 1; lastKnownFileType = text.xcconfig; name = "Pods-EatAppUITests.release.xcconfig"; path = "Target Support Files/Pods-EatAppUITests/Pods-EatAppUITests.release.xcconfig"; sourceTree = "<group>"; };
		4D1A3C6428CD7FE00092FA20 /* RestuarantCollectionViewCell.swift */ = {isa = PBXFileReference; lastKnownFileType = sourcecode.swift; path = RestuarantCollectionViewCell.swift; sourceTree = "<group>"; };
		4D1A3C6528CD7FE00092FA20 /* RestuarantCollectionViewCell.xib */ = {isa = PBXFileReference; lastKnownFileType = file.xib; path = RestuarantCollectionViewCell.xib; sourceTree = "<group>"; };
		4D31165128CE04C80059B0AE /* PaddingLabel.swift */ = {isa = PBXFileReference; lastKnownFileType = sourcecode.swift; path = PaddingLabel.swift; sourceTree = "<group>"; };
		4D5EEF5428C01CE300462B0C /* CategoryCollectionViewCell.swift */ = {isa = PBXFileReference; lastKnownFileType = sourcecode.swift; path = CategoryCollectionViewCell.swift; sourceTree = "<group>"; };
		4D5EEF5528C01CE300462B0C /* CategoryCollectionViewCell.xib */ = {isa = PBXFileReference; lastKnownFileType = file.xib; path = CategoryCollectionViewCell.xib; sourceTree = "<group>"; };
		4D5EEF5828C01DAF00462B0C /* UIView.swift */ = {isa = PBXFileReference; lastKnownFileType = sourcecode.swift; path = UIView.swift; sourceTree = "<group>"; };
		4D5EEF5A28C0FC7500462B0C /* ServiceRouter.swift */ = {isa = PBXFileReference; lastKnownFileType = sourcecode.swift; path = ServiceRouter.swift; sourceTree = "<group>"; };
		4D5EEF5C28C0FF4800462B0C /* HomepageService.swift */ = {isa = PBXFileReference; lastKnownFileType = sourcecode.swift; path = HomepageService.swift; sourceTree = "<group>"; };
		4D5EEF5E28C1001E00462B0C /* CategoryResponse.swift */ = {isa = PBXFileReference; lastKnownFileType = sourcecode.swift; path = CategoryResponse.swift; sourceTree = "<group>"; };
		4D5EEF6028C100C600462B0C /* DiscountResponse.swift */ = {isa = PBXFileReference; lastKnownFileType = sourcecode.swift; path = DiscountResponse.swift; sourceTree = "<group>"; };
		4D5EEF6228C1013300462B0C /* RecommendResponse.swift */ = {isa = PBXFileReference; lastKnownFileType = sourcecode.swift; path = RecommendResponse.swift; sourceTree = "<group>"; };
		4D5EEF6428C101D800462B0C /* RestuarantListResponse.swift */ = {isa = PBXFileReference; lastKnownFileType = sourcecode.swift; path = RestuarantListResponse.swift; sourceTree = "<group>"; };
		4D5EEF6628C102AF00462B0C /* RestuarantResponse.swift */ = {isa = PBXFileReference; lastKnownFileType = sourcecode.swift; path = RestuarantResponse.swift; sourceTree = "<group>"; };
		4D5EEF6928C1071D00462B0C /* HomepageModel.swift */ = {isa = PBXFileReference; lastKnownFileType = sourcecode.swift; path = HomepageModel.swift; sourceTree = "<group>"; };
		4D6CDE4E28C241D400A9E40C /* UIImageView.swift */ = {isa = PBXFileReference; lastKnownFileType = sourcecode.swift; path = UIImageView.swift; sourceTree = "<group>"; };
		4D6CDE5228C24CCD00A9E40C /* RecommendCollectionViewCell.swift */ = {isa = PBXFileReference; lastKnownFileType = sourcecode.swift; path = RecommendCollectionViewCell.swift; sourceTree = "<group>"; };
		4D6CDE5328C24CCD00A9E40C /* RecommendCollectionViewCell.xib */ = {isa = PBXFileReference; lastKnownFileType = file.xib; path = RecommendCollectionViewCell.xib; sourceTree = "<group>"; };
		4D73F8C628BD37C800D6D044 /* HomepageViewModel.swift */ = {isa = PBXFileReference; lastKnownFileType = sourcecode.swift; path = HomepageViewModel.swift; sourceTree = "<group>"; };
		4D73F8C928BD3A3000D6D044 /* DiscountCollectionViewCell.swift */ = {isa = PBXFileReference; lastKnownFileType = sourcecode.swift; path = DiscountCollectionViewCell.swift; sourceTree = "<group>"; };
		4D73F8CA28BD3A3000D6D044 /* DiscountCollectionViewCell.xib */ = {isa = PBXFileReference; lastKnownFileType = file.xib; path = DiscountCollectionViewCell.xib; sourceTree = "<group>"; };
		4D73F8CF28BD9CEC00D6D044 /* UICollectionViewCell.swift */ = {isa = PBXFileReference; lastKnownFileType = sourcecode.swift; path = UICollectionViewCell.swift; sourceTree = "<group>"; };
		4D73F8D628BDA8F700D6D044 /* HeaderView.swift */ = {isa = PBXFileReference; lastKnownFileType = sourcecode.swift; path = HeaderView.swift; sourceTree = "<group>"; };
		4D73F8D728BDA8F700D6D044 /* HeaderView.xib */ = {isa = PBXFileReference; lastKnownFileType = file.xib; path = HeaderView.xib; sourceTree = "<group>"; };
		4D87C61B28BBBACF002B0F8B /* EatApp.app */ = {isa = PBXFileReference; explicitFileType = wrapper.application; includeInIndex = 0; path = EatApp.app; sourceTree = BUILT_PRODUCTS_DIR; };
		4D87C61E28BBBACF002B0F8B /* AppDelegate.swift */ = {isa = PBXFileReference; lastKnownFileType = sourcecode.swift; path = AppDelegate.swift; sourceTree = "<group>"; };
		4D87C62028BBBACF002B0F8B /* SceneDelegate.swift */ = {isa = PBXFileReference; lastKnownFileType = sourcecode.swift; path = SceneDelegate.swift; sourceTree = "<group>"; };
		4D87C62228BBBACF002B0F8B /* HomepageViewController.swift */ = {isa = PBXFileReference; lastKnownFileType = sourcecode.swift; path = HomepageViewController.swift; sourceTree = "<group>"; };
		4D87C62528BBBACF002B0F8B /* Base */ = {isa = PBXFileReference; lastKnownFileType = file.storyboard; name = Base; path = Base.lproj/Main.storyboard; sourceTree = "<group>"; };
		4D87C62728BBBAD0002B0F8B /* Assets.xcassets */ = {isa = PBXFileReference; lastKnownFileType = folder.assetcatalog; path = Assets.xcassets; sourceTree = "<group>"; };
		4D87C62C28BBBAD0002B0F8B /* Info.plist */ = {isa = PBXFileReference; lastKnownFileType = text.plist.xml; path = Info.plist; sourceTree = "<group>"; };
		4D87C63128BBBAD0002B0F8B /* EatAppTests.xctest */ = {isa = PBXFileReference; explicitFileType = wrapper.cfbundle; includeInIndex = 0; path = EatAppTests.xctest; sourceTree = BUILT_PRODUCTS_DIR; };
		4D87C63528BBBAD0002B0F8B /* EatAppTests.swift */ = {isa = PBXFileReference; lastKnownFileType = sourcecode.swift; path = EatAppTests.swift; sourceTree = "<group>"; };
		4D87C63B28BBBAD0002B0F8B /* EatAppUITests.xctest */ = {isa = PBXFileReference; explicitFileType = wrapper.cfbundle; includeInIndex = 0; path = EatAppUITests.xctest; sourceTree = BUILT_PRODUCTS_DIR; };
		4D87C63F28BBBAD0002B0F8B /* EatAppUITests.swift */ = {isa = PBXFileReference; lastKnownFileType = sourcecode.swift; path = EatAppUITests.swift; sourceTree = "<group>"; };
		4D87C64128BBBAD0002B0F8B /* EatAppUITestsLaunchTests.swift */ = {isa = PBXFileReference; lastKnownFileType = sourcecode.swift; path = EatAppUITestsLaunchTests.swift; sourceTree = "<group>"; };
		4D87C67328BBBB6A002B0F8B /* ENetwork.framework */ = {isa = PBXFileReference; explicitFileType = wrapper.framework; path = ENetwork.framework; sourceTree = BUILT_PRODUCTS_DIR; };
		594D1052BC97EF9B25F72D29 /* Pods-EatAppTests.debug.xcconfig */ = {isa = PBXFileReference; includeInIndex = 1; lastKnownFileType = text.xcconfig; name = "Pods-EatAppTests.debug.xcconfig"; path = "Target Support Files/Pods-EatAppTests/Pods-EatAppTests.debug.xcconfig"; sourceTree = "<group>"; };
		7322E5EF166BF77B55AF62DD /* libPods-EatAppUITests.a */ = {isa = PBXFileReference; explicitFileType = archive.ar; includeInIndex = 0; path = "libPods-EatAppUITests.a"; sourceTree = BUILT_PRODUCTS_DIR; };
		7D31E5E737EA2A8A688C2447 /* Pods-EatApp.debug.xcconfig */ = {isa = PBXFileReference; includeInIndex = 1; lastKnownFileType = text.xcconfig; name = "Pods-EatApp.debug.xcconfig"; path = "Target Support Files/Pods-EatApp/Pods-EatApp.debug.xcconfig"; sourceTree = "<group>"; };
		E0229EF9020E60B68B71EB20 /* Pods-EatApp.release.xcconfig */ = {isa = PBXFileReference; includeInIndex = 1; lastKnownFileType = text.xcconfig; name = "Pods-EatApp.release.xcconfig"; path = "Target Support Files/Pods-EatApp/Pods-EatApp.release.xcconfig"; sourceTree = "<group>"; };
		EA79A2E84737016ED044753C /* libPods-EatApp.a */ = {isa = PBXFileReference; explicitFileType = archive.ar; includeInIndex = 0; path = "libPods-EatApp.a"; sourceTree = BUILT_PRODUCTS_DIR; };
		EBC7F59344D66152F9CB7659 /* Pods-EatAppTests.release.xcconfig */ = {isa = PBXFileReference; includeInIndex = 1; lastKnownFileType = text.xcconfig; name = "Pods-EatAppTests.release.xcconfig"; path = "Target Support Files/Pods-EatAppTests/Pods-EatAppTests.release.xcconfig"; sourceTree = "<group>"; };
/* End PBXFileReference section */

/* Begin PBXFrameworksBuildPhase section */
		4D87C61828BBBACF002B0F8B /* Frameworks */ = {
			isa = PBXFrameworksBuildPhase;
			buildActionMask = 2147483647;
			files = (
				4D87C67428BBBB6A002B0F8B /* ENetwork.framework in Frameworks */,
				41034EC80FF0F678968D5D9F /* libPods-EatApp.a in Frameworks */,
			);
			runOnlyForDeploymentPostprocessing = 0;
		};
		4D87C62E28BBBAD0002B0F8B /* Frameworks */ = {
			isa = PBXFrameworksBuildPhase;
			buildActionMask = 2147483647;
			files = (
				F7724EE1D952F003CD372318 /* libPods-EatAppTests.a in Frameworks */,
			);
			runOnlyForDeploymentPostprocessing = 0;
		};
		4D87C63828BBBAD0002B0F8B /* Frameworks */ = {
			isa = PBXFrameworksBuildPhase;
			buildActionMask = 2147483647;
			files = (
				F3865C9FAEF1FB8819335200 /* libPods-EatAppUITests.a in Frameworks */,
			);
			runOnlyForDeploymentPostprocessing = 0;
		};
/* End PBXFrameworksBuildPhase section */

/* Begin PBXGroup section */
		4D31165028CE04BC0059B0AE /* Components */ = {
			isa = PBXGroup;
			children = (
				4D31165128CE04C80059B0AE /* PaddingLabel.swift */,
			);
			path = Components;
			sourceTree = "<group>";
		};
		4D5EEF5328C01CC800462B0C /* Category */ = {
			isa = PBXGroup;
			children = (
				4D5EEF5428C01CE300462B0C /* CategoryCollectionViewCell.swift */,
				4D5EEF5528C01CE300462B0C /* CategoryCollectionViewCell.xib */,
			);
			path = Category;
			sourceTree = "<group>";
		};
		4D5EEF6828C1070500462B0C /* Models */ = {
			isa = PBXGroup;
			children = (
				4D5EEF6928C1071D00462B0C /* HomepageModel.swift */,
			);
			path = Models;
			sourceTree = "<group>";
		};
		4D6CDE5028C24C9300A9E40C /* Recommend */ = {
			isa = PBXGroup;
			children = (
				4D6CDE5228C24CCD00A9E40C /* RecommendCollectionViewCell.swift */,
				4D6CDE5328C24CCD00A9E40C /* RecommendCollectionViewCell.xib */,
			);
			path = Recommend;
			sourceTree = "<group>";
		};
		4D6CDE5128C24CB700A9E40C /* Restuarant */ = {
			isa = PBXGroup;
			children = (
				4D1A3C6428CD7FE00092FA20 /* RestuarantCollectionViewCell.swift */,
				4D1A3C6528CD7FE00092FA20 /* RestuarantCollectionViewCell.xib */,
			);
			path = Restuarant;
			sourceTree = "<group>";
		};
		4D73F8C028BD35E500D6D044 /* Core */ = {
			isa = PBXGroup;
			children = (
				4D87C61E28BBBACF002B0F8B /* AppDelegate.swift */,
				4D87C62028BBBACF002B0F8B /* SceneDelegate.swift */,
				4D87C62728BBBAD0002B0F8B /* Assets.xcassets */,
			);
			path = Core;
			sourceTree = "<group>";
		};
		4D73F8C128BD365400D6D044 /* Scenes */ = {
			isa = PBXGroup;
			children = (
				4D87C62428BBBACF002B0F8B /* Main.storyboard */,
				4D73F8C528BD36A200D6D044 /* Homepage */,
			);
			path = Scenes;
			sourceTree = "<group>";
		};
		4D73F8C228BD366B00D6D044 /* Services */ = {
			isa = PBXGroup;
			children = (
				4D5EEF5A28C0FC7500462B0C /* ServiceRouter.swift */,
				4D5EEF5C28C0FF4800462B0C /* HomepageService.swift */,
			);
			path = Services;
			sourceTree = "<group>";
		};
		4D73F8C328BD366F00D6D044 /* Models */ = {
			isa = PBXGroup;
			children = (
				4D5EEF5E28C1001E00462B0C /* CategoryResponse.swift */,
				4D5EEF6028C100C600462B0C /* DiscountResponse.swift */,
				4D5EEF6228C1013300462B0C /* RecommendResponse.swift */,
				4D5EEF6428C101D800462B0C /* RestuarantListResponse.swift */,
				4D5EEF6628C102AF00462B0C /* RestuarantResponse.swift */,
			);
			path = Models;
			sourceTree = "<group>";
		};
		4D73F8C428BD367400D6D044 /* Utils */ = {
			isa = PBXGroup;
			children = (
				4D31165028CE04BC0059B0AE /* Components */,
				4D73F8CE28BD9CBE00D6D044 /* Extensions */,
			);
			path = Utils;
			sourceTree = "<group>";
		};
		4D73F8C528BD36A200D6D044 /* Homepage */ = {
			isa = PBXGroup;
			children = (
				4D5EEF6828C1070500462B0C /* Models */,
				4D73F8C828BD39F400D6D044 /* Subviews */,
				4D87C62228BBBACF002B0F8B /* HomepageViewController.swift */,
				4D73F8C628BD37C800D6D044 /* HomepageViewModel.swift */,
			);
			path = Homepage;
			sourceTree = "<group>";
		};
		4D73F8C828BD39F400D6D044 /* Subviews */ = {
			isa = PBXGroup;
			children = (
				4D6CDE5128C24CB700A9E40C /* Restuarant */,
				4D6CDE5028C24C9300A9E40C /* Recommend */,
				4D73F8D528BDA7B000D6D044 /* Header */,
				4D5EEF5328C01CC800462B0C /* Category */,
				4D73F8CD28BD3A3E00D6D044 /* Discount */,
			);
			path = Subviews;
			sourceTree = "<group>";
		};
		4D73F8CD28BD3A3E00D6D044 /* Discount */ = {
			isa = PBXGroup;
			children = (
				4D73F8C928BD3A3000D6D044 /* DiscountCollectionViewCell.swift */,
				4D73F8CA28BD3A3000D6D044 /* DiscountCollectionViewCell.xib */,
			);
			path = Discount;
			sourceTree = "<group>";
		};
		4D73F8CE28BD9CBE00D6D044 /* Extensions */ = {
			isa = PBXGroup;
			children = (
				4D73F8CF28BD9CEC00D6D044 /* UICollectionViewCell.swift */,
				4D5EEF5828C01DAF00462B0C /* UIView.swift */,
				4D6CDE4E28C241D400A9E40C /* UIImageView.swift */,
			);
			path = Extensions;
			sourceTree = "<group>";
		};
		4D73F8D528BDA7B000D6D044 /* Header */ = {
			isa = PBXGroup;
			children = (
				4D73F8D628BDA8F700D6D044 /* HeaderView.swift */,
				4D73F8D728BDA8F700D6D044 /* HeaderView.xib */,
			);
			path = Header;
			sourceTree = "<group>";
		};
		4D87C61228BBBACF002B0F8B = {
			isa = PBXGroup;
			children = (
				4D87C61D28BBBACF002B0F8B /* EatApp */,
				4D87C63428BBBAD0002B0F8B /* EatAppTests */,
				4D87C63E28BBBAD0002B0F8B /* EatAppUITests */,
				4D87C61C28BBBACF002B0F8B /* Products */,
				4D87C67228BBBB6A002B0F8B /* Frameworks */,
				FEA71484869F031B4E1A43BA /* Pods */,
			);
			sourceTree = "<group>";
		};
		4D87C61C28BBBACF002B0F8B /* Products */ = {
			isa = PBXGroup;
			children = (
				4D87C61B28BBBACF002B0F8B /* EatApp.app */,
				4D87C63128BBBAD0002B0F8B /* EatAppTests.xctest */,
				4D87C63B28BBBAD0002B0F8B /* EatAppUITests.xctest */,
			);
			name = Products;
			sourceTree = "<group>";
		};
		4D87C61D28BBBACF002B0F8B /* EatApp */ = {
			isa = PBXGroup;
			children = (
				4D73F8C428BD367400D6D044 /* Utils */,
				4D73F8C328BD366F00D6D044 /* Models */,
				4D73F8C228BD366B00D6D044 /* Services */,
				4D73F8C128BD365400D6D044 /* Scenes */,
				4D73F8C028BD35E500D6D044 /* Core */,
				4D87C62C28BBBAD0002B0F8B /* Info.plist */,
			);
			path = EatApp;
			sourceTree = "<group>";
		};
		4D87C63428BBBAD0002B0F8B /* EatAppTests */ = {
			isa = PBXGroup;
			children = (
				4D87C63528BBBAD0002B0F8B /* EatAppTests.swift */,
			);
			path = EatAppTests;
			sourceTree = "<group>";
		};
		4D87C63E28BBBAD0002B0F8B /* EatAppUITests */ = {
			isa = PBXGroup;
			children = (
				4D87C63F28BBBAD0002B0F8B /* EatAppUITests.swift */,
				4D87C64128BBBAD0002B0F8B /* EatAppUITestsLaunchTests.swift */,
			);
			path = EatAppUITests;
			sourceTree = "<group>";
		};
		4D87C67228BBBB6A002B0F8B /* Frameworks */ = {
			isa = PBXGroup;
			children = (
				4D87C67328BBBB6A002B0F8B /* ENetwork.framework */,
				EA79A2E84737016ED044753C /* libPods-EatApp.a */,
				350701A1DC55A68DDFFE69EB /* libPods-EatAppTests.a */,
				7322E5EF166BF77B55AF62DD /* libPods-EatAppUITests.a */,
			);
			name = Frameworks;
			sourceTree = "<group>";
		};
		FEA71484869F031B4E1A43BA /* Pods */ = {
			isa = PBXGroup;
			children = (
				7D31E5E737EA2A8A688C2447 /* Pods-EatApp.debug.xcconfig */,
				E0229EF9020E60B68B71EB20 /* Pods-EatApp.release.xcconfig */,
				594D1052BC97EF9B25F72D29 /* Pods-EatAppTests.debug.xcconfig */,
				EBC7F59344D66152F9CB7659 /* Pods-EatAppTests.release.xcconfig */,
				45E4660BD18FA9301D5147B4 /* Pods-EatAppUITests.debug.xcconfig */,
				491D88CDC5DE7F48D92B19BE /* Pods-EatAppUITests.release.xcconfig */,
			);
			name = Pods;
			path = ../Pods;
			sourceTree = "<group>";
		};
/* End PBXGroup section */

/* Begin PBXNativeTarget section */
		4D87C61A28BBBACF002B0F8B /* EatApp */ = {
			isa = PBXNativeTarget;
			buildConfigurationList = 4D87C64528BBBAD0002B0F8B /* Build configuration list for PBXNativeTarget "EatApp" */;
			buildPhases = (
				DF94AB25FBAE452DC548A8A4 /* [CP] Check Pods Manifest.lock */,
				4D87C61728BBBACF002B0F8B /* Sources */,
				4D87C61828BBBACF002B0F8B /* Frameworks */,
				4D87C61928BBBACF002B0F8B /* Resources */,
				4D87C67628BBBB6A002B0F8B /* Embed Frameworks */,
			);
			buildRules = (
			);
			dependencies = (
			);
			name = EatApp;
			productName = EatApp;
			productReference = 4D87C61B28BBBACF002B0F8B /* EatApp.app */;
			productType = "com.apple.product-type.application";
		};
		4D87C63028BBBAD0002B0F8B /* EatAppTests */ = {
			isa = PBXNativeTarget;
			buildConfigurationList = 4D87C64828BBBAD0002B0F8B /* Build configuration list for PBXNativeTarget "EatAppTests" */;
			buildPhases = (
				FAFAEE05A0F92A775B079ED1 /* [CP] Check Pods Manifest.lock */,
				4D87C62D28BBBAD0002B0F8B /* Sources */,
				4D87C62E28BBBAD0002B0F8B /* Frameworks */,
				4D87C62F28BBBAD0002B0F8B /* Resources */,
			);
			buildRules = (
			);
			dependencies = (
				4D87C63328BBBAD0002B0F8B /* PBXTargetDependency */,
			);
			name = EatAppTests;
			productName = EatAppTests;
			productReference = 4D87C63128BBBAD0002B0F8B /* EatAppTests.xctest */;
			productType = "com.apple.product-type.bundle.unit-test";
		};
		4D87C63A28BBBAD0002B0F8B /* EatAppUITests */ = {
			isa = PBXNativeTarget;
			buildConfigurationList = 4D87C64B28BBBAD0002B0F8B /* Build configuration list for PBXNativeTarget "EatAppUITests" */;
			buildPhases = (
				B476A2B3A64FC80CFA2BC2E6 /* [CP] Check Pods Manifest.lock */,
				4D87C63728BBBAD0002B0F8B /* Sources */,
				4D87C63828BBBAD0002B0F8B /* Frameworks */,
				4D87C63928BBBAD0002B0F8B /* Resources */,
			);
			buildRules = (
			);
			dependencies = (
				4D87C63D28BBBAD0002B0F8B /* PBXTargetDependency */,
			);
			name = EatAppUITests;
			productName = EatAppUITests;
			productReference = 4D87C63B28BBBAD0002B0F8B /* EatAppUITests.xctest */;
			productType = "com.apple.product-type.bundle.ui-testing";
		};
/* End PBXNativeTarget section */

/* Begin PBXProject section */
		4D87C61328BBBACF002B0F8B /* Project object */ = {
			isa = PBXProject;
			attributes = {
				BuildIndependentTargetsInParallel = 1;
				LastSwiftUpdateCheck = 1330;
				LastUpgradeCheck = 1330;
				TargetAttributes = {
					4D87C61A28BBBACF002B0F8B = {
						CreatedOnToolsVersion = 13.3.1;
					};
					4D87C63028BBBAD0002B0F8B = {
						CreatedOnToolsVersion = 13.3.1;
						TestTargetID = 4D87C61A28BBBACF002B0F8B;
					};
					4D87C63A28BBBAD0002B0F8B = {
						CreatedOnToolsVersion = 13.3.1;
						TestTargetID = 4D87C61A28BBBACF002B0F8B;
					};
				};
			};
			buildConfigurationList = 4D87C61628BBBACF002B0F8B /* Build configuration list for PBXProject "EatApp" */;
			compatibilityVersion = "Xcode 13.0";
			developmentRegion = en;
			hasScannedForEncodings = 0;
			knownRegions = (
				en,
				Base,
			);
			mainGroup = 4D87C61228BBBACF002B0F8B;
			productRefGroup = 4D87C61C28BBBACF002B0F8B /* Products */;
			projectDirPath = "";
			projectRoot = "";
			targets = (
				4D87C61A28BBBACF002B0F8B /* EatApp */,
				4D87C63028BBBAD0002B0F8B /* EatAppTests */,
				4D87C63A28BBBAD0002B0F8B /* EatAppUITests */,
			);
		};
/* End PBXProject section */

/* Begin PBXResourcesBuildPhase section */
		4D87C61928BBBACF002B0F8B /* Resources */ = {
			isa = PBXResourcesBuildPhase;
			buildActionMask = 2147483647;
			files = (
				4D87C62828BBBAD0002B0F8B /* Assets.xcassets in Resources */,
				4D6CDE5528C24CCD00A9E40C /* RecommendCollectionViewCell.xib in Resources */,
				4D5EEF5728C01CE300462B0C /* CategoryCollectionViewCell.xib in Resources */,
				4D73F8CC28BD3A3000D6D044 /* DiscountCollectionViewCell.xib in Resources */,
				4D1A3C6728CD7FE00092FA20 /* RestuarantCollectionViewCell.xib in Resources */,
				4D87C62628BBBACF002B0F8B /* Main.storyboard in Resources */,
				4D73F8D928BDA8F700D6D044 /* HeaderView.xib in Resources */,
			);
			runOnlyForDeploymentPostprocessing = 0;
		};
		4D87C62F28BBBAD0002B0F8B /* Resources */ = {
			isa = PBXResourcesBuildPhase;
			buildActionMask = 2147483647;
			files = (
			);
			runOnlyForDeploymentPostprocessing = 0;
		};
		4D87C63928BBBAD0002B0F8B /* Resources */ = {
			isa = PBXResourcesBuildPhase;
			buildActionMask = 2147483647;
			files = (
			);
			runOnlyForDeploymentPostprocessing = 0;
		};
/* End PBXResourcesBuildPhase section */

/* Begin PBXShellScriptBuildPhase section */
		B476A2B3A64FC80CFA2BC2E6 /* [CP] Check Pods Manifest.lock */ = {
			isa = PBXShellScriptBuildPhase;
			buildActionMask = 2147483647;
			files = (
			);
			inputFileListPaths = (
			);
			inputPaths = (
				"${PODS_PODFILE_DIR_PATH}/Podfile.lock",
				"${PODS_ROOT}/Manifest.lock",
			);
			name = "[CP] Check Pods Manifest.lock";
			outputFileListPaths = (
			);
			outputPaths = (
				"$(DERIVED_FILE_DIR)/Pods-EatAppUITests-checkManifestLockResult.txt",
			);
			runOnlyForDeploymentPostprocessing = 0;
			shellPath = /bin/sh;
			shellScript = "diff \"${PODS_PODFILE_DIR_PATH}/Podfile.lock\" \"${PODS_ROOT}/Manifest.lock\" > /dev/null\nif [ $? != 0 ] ; then\n    # print error to STDERR\n    echo \"error: The sandbox is not in sync with the Podfile.lock. Run 'pod install' or update your CocoaPods installation.\" >&2\n    exit 1\nfi\n# This output is used by Xcode 'outputs' to avoid re-running this script phase.\necho \"SUCCESS\" > \"${SCRIPT_OUTPUT_FILE_0}\"\n";
			showEnvVarsInLog = 0;
		};
		DF94AB25FBAE452DC548A8A4 /* [CP] Check Pods Manifest.lock */ = {
			isa = PBXShellScriptBuildPhase;
			buildActionMask = 2147483647;
			files = (
			);
			inputFileListPaths = (
			);
			inputPaths = (
				"${PODS_PODFILE_DIR_PATH}/Podfile.lock",
				"${PODS_ROOT}/Manifest.lock",
			);
			name = "[CP] Check Pods Manifest.lock";
			outputFileListPaths = (
			);
			outputPaths = (
				"$(DERIVED_FILE_DIR)/Pods-EatApp-checkManifestLockResult.txt",
			);
			runOnlyForDeploymentPostprocessing = 0;
			shellPath = /bin/sh;
			shellScript = "diff \"${PODS_PODFILE_DIR_PATH}/Podfile.lock\" \"${PODS_ROOT}/Manifest.lock\" > /dev/null\nif [ $? != 0 ] ; then\n    # print error to STDERR\n    echo \"error: The sandbox is not in sync with the Podfile.lock. Run 'pod install' or update your CocoaPods installation.\" >&2\n    exit 1\nfi\n# This output is used by Xcode 'outputs' to avoid re-running this script phase.\necho \"SUCCESS\" > \"${SCRIPT_OUTPUT_FILE_0}\"\n";
			showEnvVarsInLog = 0;
		};
		FAFAEE05A0F92A775B079ED1 /* [CP] Check Pods Manifest.lock */ = {
			isa = PBXShellScriptBuildPhase;
			buildActionMask = 2147483647;
			files = (
			);
			inputFileListPaths = (
			);
			inputPaths = (
				"${PODS_PODFILE_DIR_PATH}/Podfile.lock",
				"${PODS_ROOT}/Manifest.lock",
			);
			name = "[CP] Check Pods Manifest.lock";
			outputFileListPaths = (
			);
			outputPaths = (
				"$(DERIVED_FILE_DIR)/Pods-EatAppTests-checkManifestLockResult.txt",
			);
			runOnlyForDeploymentPostprocessing = 0;
			shellPath = /bin/sh;
			shellScript = "diff \"${PODS_PODFILE_DIR_PATH}/Podfile.lock\" \"${PODS_ROOT}/Manifest.lock\" > /dev/null\nif [ $? != 0 ] ; then\n    # print error to STDERR\n    echo \"error: The sandbox is not in sync with the Podfile.lock. Run 'pod install' or update your CocoaPods installation.\" >&2\n    exit 1\nfi\n# This output is used by Xcode 'outputs' to avoid re-running this script phase.\necho \"SUCCESS\" > \"${SCRIPT_OUTPUT_FILE_0}\"\n";
			showEnvVarsInLog = 0;
		};
/* End PBXShellScriptBuildPhase section */

/* Begin PBXSourcesBuildPhase section */
		4D87C61728BBBACF002B0F8B /* Sources */ = {
			isa = PBXSourcesBuildPhase;
			buildActionMask = 2147483647;
			files = (
				4D5EEF5628C01CE300462B0C /* CategoryCollectionViewCell.swift in Sources */,
				4D73F8C728BD37C800D6D044 /* HomepageViewModel.swift in Sources */,
				4D5EEF5F28C1001E00462B0C /* CategoryResponse.swift in Sources */,
				4D5EEF6528C101D800462B0C /* RestuarantListResponse.swift in Sources */,
				4D5EEF6328C1013300462B0C /* RecommendResponse.swift in Sources */,
				4D87C62328BBBACF002B0F8B /* HomepageViewController.swift in Sources */,
				4D73F8D028BD9CEC00D6D044 /* UICollectionViewCell.swift in Sources */,
				4D87C61F28BBBACF002B0F8B /* AppDelegate.swift in Sources */,
				4D87C62128BBBACF002B0F8B /* SceneDelegate.swift in Sources */,
				4D1A3C6628CD7FE00092FA20 /* RestuarantCollectionViewCell.swift in Sources */,
				4D5EEF5B28C0FC7500462B0C /* ServiceRouter.swift in Sources */,
				4D6CDE4F28C241D400A9E40C /* UIImageView.swift in Sources */,
				4D5EEF6A28C1071D00462B0C /* HomepageModel.swift in Sources */,
				4D5EEF6128C100C600462B0C /* DiscountResponse.swift in Sources */,
				4D6CDE5428C24CCD00A9E40C /* RecommendCollectionViewCell.swift in Sources */,
				4D31165228CE04C80059B0AE /* PaddingLabel.swift in Sources */,
				4D5EEF6728C102AF00462B0C /* RestuarantResponse.swift in Sources */,
				4D73F8CB28BD3A3000D6D044 /* DiscountCollectionViewCell.swift in Sources */,
				4D5EEF5928C01DAF00462B0C /* UIView.swift in Sources */,
				4D73F8D828BDA8F700D6D044 /* HeaderView.swift in Sources */,
				4D5EEF5D28C0FF4800462B0C /* HomepageService.swift in Sources */,
			);
			runOnlyForDeploymentPostprocessing = 0;
		};
		4D87C62D28BBBAD0002B0F8B /* Sources */ = {
			isa = PBXSourcesBuildPhase;
			buildActionMask = 2147483647;
			files = (
				4D87C63628BBBAD0002B0F8B /* EatAppTests.swift in Sources */,
			);
			runOnlyForDeploymentPostprocessing = 0;
		};
		4D87C63728BBBAD0002B0F8B /* Sources */ = {
			isa = PBXSourcesBuildPhase;
			buildActionMask = 2147483647;
			files = (
				4D87C64028BBBAD0002B0F8B /* EatAppUITests.swift in Sources */,
				4D87C64228BBBAD0002B0F8B /* EatAppUITestsLaunchTests.swift in Sources */,
			);
			runOnlyForDeploymentPostprocessing = 0;
		};
/* End PBXSourcesBuildPhase section */

/* Begin PBXTargetDependency section */
		4D87C63328BBBAD0002B0F8B /* PBXTargetDependency */ = {
			isa = PBXTargetDependency;
			target = 4D87C61A28BBBACF002B0F8B /* EatApp */;
			targetProxy = 4D87C63228BBBAD0002B0F8B /* PBXContainerItemProxy */;
		};
		4D87C63D28BBBAD0002B0F8B /* PBXTargetDependency */ = {
			isa = PBXTargetDependency;
			target = 4D87C61A28BBBACF002B0F8B /* EatApp */;
			targetProxy = 4D87C63C28BBBAD0002B0F8B /* PBXContainerItemProxy */;
		};
/* End PBXTargetDependency section */

/* Begin PBXVariantGroup section */
		4D87C62428BBBACF002B0F8B /* Main.storyboard */ = {
			isa = PBXVariantGroup;
			children = (
				4D87C62528BBBACF002B0F8B /* Base */,
			);
			name = Main.storyboard;
			sourceTree = "<group>";
		};
/* End PBXVariantGroup section */

/* Begin XCBuildConfiguration section */
		4D87C64328BBBAD0002B0F8B /* Debug */ = {
			isa = XCBuildConfiguration;
			buildSettings = {
				ALWAYS_SEARCH_USER_PATHS = NO;
				CLANG_ANALYZER_NONNULL = YES;
				CLANG_ANALYZER_NUMBER_OBJECT_CONVERSION = YES_AGGRESSIVE;
				CLANG_CXX_LANGUAGE_STANDARD = "gnu++17";
				CLANG_ENABLE_MODULES = YES;
				CLANG_ENABLE_OBJC_ARC = YES;
				CLANG_ENABLE_OBJC_WEAK = YES;
				CLANG_WARN_BLOCK_CAPTURE_AUTORELEASING = YES;
				CLANG_WARN_BOOL_CONVERSION = YES;
				CLANG_WARN_COMMA = YES;
				CLANG_WARN_CONSTANT_CONVERSION = YES;
				CLANG_WARN_DEPRECATED_OBJC_IMPLEMENTATIONS = YES;
				CLANG_WARN_DIRECT_OBJC_ISA_USAGE = YES_ERROR;
				CLANG_WARN_DOCUMENTATION_COMMENTS = YES;
				CLANG_WARN_EMPTY_BODY = YES;
				CLANG_WARN_ENUM_CONVERSION = YES;
				CLANG_WARN_INFINITE_RECURSION = YES;
				CLANG_WARN_INT_CONVERSION = YES;
				CLANG_WARN_NON_LITERAL_NULL_CONVERSION = YES;
				CLANG_WARN_OBJC_IMPLICIT_RETAIN_SELF = YES;
				CLANG_WARN_OBJC_LITERAL_CONVERSION = YES;
				CLANG_WARN_OBJC_ROOT_CLASS = YES_ERROR;
				CLANG_WARN_QUOTED_INCLUDE_IN_FRAMEWORK_HEADER = YES;
				CLANG_WARN_RANGE_LOOP_ANALYSIS = YES;
				CLANG_WARN_STRICT_PROTOTYPES = YES;
				CLANG_WARN_SUSPICIOUS_MOVE = YES;
				CLANG_WARN_UNGUARDED_AVAILABILITY = YES_AGGRESSIVE;
				CLANG_WARN_UNREACHABLE_CODE = YES;
				CLANG_WARN__DUPLICATE_METHOD_MATCH = YES;
				COPY_PHASE_STRIP = NO;
				DEBUG_INFORMATION_FORMAT = dwarf;
				ENABLE_STRICT_OBJC_MSGSEND = YES;
				ENABLE_TESTABILITY = YES;
				GCC_C_LANGUAGE_STANDARD = gnu11;
				GCC_DYNAMIC_NO_PIC = NO;
				GCC_NO_COMMON_BLOCKS = YES;
				GCC_OPTIMIZATION_LEVEL = 0;
				GCC_PREPROCESSOR_DEFINITIONS = (
					"DEBUG=1",
					"$(inherited)",
				);
				GCC_WARN_64_TO_32_BIT_CONVERSION = YES;
				GCC_WARN_ABOUT_RETURN_TYPE = YES_ERROR;
				GCC_WARN_UNDECLARED_SELECTOR = YES;
				GCC_WARN_UNINITIALIZED_AUTOS = YES_AGGRESSIVE;
				GCC_WARN_UNUSED_FUNCTION = YES;
				GCC_WARN_UNUSED_VARIABLE = YES;
				IPHONEOS_DEPLOYMENT_TARGET = 15.4;
				MTL_ENABLE_DEBUG_INFO = INCLUDE_SOURCE;
				MTL_FAST_MATH = YES;
				ONLY_ACTIVE_ARCH = YES;
				SDKROOT = iphoneos;
				SWIFT_ACTIVE_COMPILATION_CONDITIONS = DEBUG;
				SWIFT_OPTIMIZATION_LEVEL = "-Onone";
			};
			name = Debug;
		};
		4D87C64428BBBAD0002B0F8B /* Release */ = {
			isa = XCBuildConfiguration;
			buildSettings = {
				ALWAYS_SEARCH_USER_PATHS = NO;
				CLANG_ANALYZER_NONNULL = YES;
				CLANG_ANALYZER_NUMBER_OBJECT_CONVERSION = YES_AGGRESSIVE;
				CLANG_CXX_LANGUAGE_STANDARD = "gnu++17";
				CLANG_ENABLE_MODULES = YES;
				CLANG_ENABLE_OBJC_ARC = YES;
				CLANG_ENABLE_OBJC_WEAK = YES;
				CLANG_WARN_BLOCK_CAPTURE_AUTORELEASING = YES;
				CLANG_WARN_BOOL_CONVERSION = YES;
				CLANG_WARN_COMMA = YES;
				CLANG_WARN_CONSTANT_CONVERSION = YES;
				CLANG_WARN_DEPRECATED_OBJC_IMPLEMENTATIONS = YES;
				CLANG_WARN_DIRECT_OBJC_ISA_USAGE = YES_ERROR;
				CLANG_WARN_DOCUMENTATION_COMMENTS = YES;
				CLANG_WARN_EMPTY_BODY = YES;
				CLANG_WARN_ENUM_CONVERSION = YES;
				CLANG_WARN_INFINITE_RECURSION = YES;
				CLANG_WARN_INT_CONVERSION = YES;
				CLANG_WARN_NON_LITERAL_NULL_CONVERSION = YES;
				CLANG_WARN_OBJC_IMPLICIT_RETAIN_SELF = YES;
				CLANG_WARN_OBJC_LITERAL_CONVERSION = YES;
				CLANG_WARN_OBJC_ROOT_CLASS = YES_ERROR;
				CLANG_WARN_QUOTED_INCLUDE_IN_FRAMEWORK_HEADER = YES;
				CLANG_WARN_RANGE_LOOP_ANALYSIS = YES;
				CLANG_WARN_STRICT_PROTOTYPES = YES;
				CLANG_WARN_SUSPICIOUS_MOVE = YES;
				CLANG_WARN_UNGUARDED_AVAILABILITY = YES_AGGRESSIVE;
				CLANG_WARN_UNREACHABLE_CODE = YES;
				CLANG_WARN__DUPLICATE_METHOD_MATCH = YES;
				COPY_PHASE_STRIP = NO;
				DEBUG_INFORMATION_FORMAT = "dwarf-with-dsym";
				ENABLE_NS_ASSERTIONS = NO;
				ENABLE_STRICT_OBJC_MSGSEND = YES;
				GCC_C_LANGUAGE_STANDARD = gnu11;
				GCC_NO_COMMON_BLOCKS = YES;
				GCC_WARN_64_TO_32_BIT_CONVERSION = YES;
				GCC_WARN_ABOUT_RETURN_TYPE = YES_ERROR;
				GCC_WARN_UNDECLARED_SELECTOR = YES;
				GCC_WARN_UNINITIALIZED_AUTOS = YES_AGGRESSIVE;
				GCC_WARN_UNUSED_FUNCTION = YES;
				GCC_WARN_UNUSED_VARIABLE = YES;
				IPHONEOS_DEPLOYMENT_TARGET = 15.4;
				MTL_ENABLE_DEBUG_INFO = NO;
				MTL_FAST_MATH = YES;
				SDKROOT = iphoneos;
				SWIFT_COMPILATION_MODE = wholemodule;
				SWIFT_OPTIMIZATION_LEVEL = "-O";
				VALIDATE_PRODUCT = YES;
			};
			name = Release;
		};
		4D87C64628BBBAD0002B0F8B /* Debug */ = {
			isa = XCBuildConfiguration;
			baseConfigurationReference = 7D31E5E737EA2A8A688C2447 /* Pods-EatApp.debug.xcconfig */;
			buildSettings = {
				ASSETCATALOG_COMPILER_APPICON_NAME = AppIcon;
				ASSETCATALOG_COMPILER_GLOBAL_ACCENT_COLOR_NAME = AccentColor;
				CODE_SIGN_STYLE = Automatic;
				CURRENT_PROJECT_VERSION = 1;
				DEVELOPMENT_TEAM = 4TJK89A752;
				GENERATE_INFOPLIST_FILE = YES;
				INFOPLIST_FILE = EatApp/Info.plist;
				INFOPLIST_KEY_UIApplicationSupportsIndirectInputEvents = YES;
				INFOPLIST_KEY_UILaunchStoryboardName = Main;
				INFOPLIST_KEY_UIMainStoryboardFile = Main;
				INFOPLIST_KEY_UISupportedInterfaceOrientations_iPad = "UIInterfaceOrientationPortrait UIInterfaceOrientationPortraitUpsideDown UIInterfaceOrientationLandscapeLeft UIInterfaceOrientationLandscapeRight";
				INFOPLIST_KEY_UISupportedInterfaceOrientations_iPhone = "UIInterfaceOrientationPortrait UIInterfaceOrientationLandscapeLeft UIInterfaceOrientationLandscapeRight";
				LD_RUNPATH_SEARCH_PATHS = (
					"$(inherited)",
					"@executable_path/Frameworks",
				);
				MARKETING_VERSION = 1.0;
				PRODUCT_BUNDLE_IDENTIFIER = com.ios.EatApp;
				PRODUCT_NAME = "$(TARGET_NAME)";
				SWIFT_EMIT_LOC_STRINGS = YES;
				SWIFT_VERSION = 5.0;
				TARGETED_DEVICE_FAMILY = "1,2";
			};
			name = Debug;
		};
		4D87C64728BBBAD0002B0F8B /* Release */ = {
			isa = XCBuildConfiguration;
			baseConfigurationReference = E0229EF9020E60B68B71EB20 /* Pods-EatApp.release.xcconfig */;
			buildSettings = {
				ASSETCATALOG_COMPILER_APPICON_NAME = AppIcon;
				ASSETCATALOG_COMPILER_GLOBAL_ACCENT_COLOR_NAME = AccentColor;
				CODE_SIGN_STYLE = Automatic;
				CURRENT_PROJECT_VERSION = 1;
				DEVELOPMENT_TEAM = 4TJK89A752;
				GENERATE_INFOPLIST_FILE = YES;
				INFOPLIST_FILE = EatApp/Info.plist;
				INFOPLIST_KEY_UIApplicationSupportsIndirectInputEvents = YES;
				INFOPLIST_KEY_UILaunchStoryboardName = Main;
				INFOPLIST_KEY_UIMainStoryboardFile = Main;
				INFOPLIST_KEY_UISupportedInterfaceOrientations_iPad = "UIInterfaceOrientationPortrait UIInterfaceOrientationPortraitUpsideDown UIInterfaceOrientationLandscapeLeft UIInterfaceOrientationLandscapeRight";
				INFOPLIST_KEY_UISupportedInterfaceOrientations_iPhone = "UIInterfaceOrientationPortrait UIInterfaceOrientationLandscapeLeft UIInterfaceOrientationLandscapeRight";
				LD_RUNPATH_SEARCH_PATHS = (
					"$(inherited)",
					"@executable_path/Frameworks",
				);
				MARKETING_VERSION = 1.0;
				PRODUCT_BUNDLE_IDENTIFIER = com.ios.EatApp;
				PRODUCT_NAME = "$(TARGET_NAME)";
				SWIFT_EMIT_LOC_STRINGS = YES;
				SWIFT_VERSION = 5.0;
				TARGETED_DEVICE_FAMILY = "1,2";
			};
			name = Release;
		};
		4D87C64928BBBAD0002B0F8B /* Debug */ = {
			isa = XCBuildConfiguration;
			baseConfigurationReference = 594D1052BC97EF9B25F72D29 /* Pods-EatAppTests.debug.xcconfig */;
			buildSettings = {
				ALWAYS_EMBED_SWIFT_STANDARD_LIBRARIES = YES;
				BUNDLE_LOADER = "$(TEST_HOST)";
				CODE_SIGN_STYLE = Automatic;
				CURRENT_PROJECT_VERSION = 1;
				DEVELOPMENT_TEAM = 4TJK89A752;
				GENERATE_INFOPLIST_FILE = YES;
				IPHONEOS_DEPLOYMENT_TARGET = 15.4;
				MARKETING_VERSION = 1.0;
				PRODUCT_BUNDLE_IDENTIFIER = com.ios.EatAppTests;
				PRODUCT_NAME = "$(TARGET_NAME)";
				SWIFT_EMIT_LOC_STRINGS = NO;
				SWIFT_VERSION = 5.0;
				TARGETED_DEVICE_FAMILY = "1,2";
				TEST_HOST = "$(BUILT_PRODUCTS_DIR)/EatApp.app/EatApp";
			};
			name = Debug;
		};
		4D87C64A28BBBAD0002B0F8B /* Release */ = {
			isa = XCBuildConfiguration;
			baseConfigurationReference = EBC7F59344D66152F9CB7659 /* Pods-EatAppTests.release.xcconfig */;
			buildSettings = {
				ALWAYS_EMBED_SWIFT_STANDARD_LIBRARIES = YES;
				BUNDLE_LOADER = "$(TEST_HOST)";
				CODE_SIGN_STYLE = Automatic;
				CURRENT_PROJECT_VERSION = 1;
				DEVELOPMENT_TEAM = 4TJK89A752;
				GENERATE_INFOPLIST_FILE = YES;
				IPHONEOS_DEPLOYMENT_TARGET = 15.4;
				MARKETING_VERSION = 1.0;
				PRODUCT_BUNDLE_IDENTIFIER = com.ios.EatAppTests;
				PRODUCT_NAME = "$(TARGET_NAME)";
				SWIFT_EMIT_LOC_STRINGS = NO;
				SWIFT_VERSION = 5.0;
				TARGETED_DEVICE_FAMILY = "1,2";
				TEST_HOST = "$(BUILT_PRODUCTS_DIR)/EatApp.app/EatApp";
			};
			name = Release;
		};
		4D87C64C28BBBAD0002B0F8B /* Debug */ = {
			isa = XCBuildConfiguration;
			baseConfigurationReference = 45E4660BD18FA9301D5147B4 /* Pods-EatAppUITests.debug.xcconfig */;
			buildSettings = {
				ALWAYS_EMBED_SWIFT_STANDARD_LIBRARIES = YES;
				CODE_SIGN_STYLE = Automatic;
				CURRENT_PROJECT_VERSION = 1;
				DEVELOPMENT_TEAM = 4TJK89A752;
				GENERATE_INFOPLIST_FILE = YES;
				MARKETING_VERSION = 1.0;
				PRODUCT_BUNDLE_IDENTIFIER = com.ios.EatAppUITests;
				PRODUCT_NAME = "$(TARGET_NAME)";
				SWIFT_EMIT_LOC_STRINGS = NO;
				SWIFT_VERSION = 5.0;
				TARGETED_DEVICE_FAMILY = "1,2";
				TEST_TARGET_NAME = EatApp;
			};
			name = Debug;
		};
		4D87C64D28BBBAD0002B0F8B /* Release */ = {
			isa = XCBuildConfiguration;
			baseConfigurationReference = 491D88CDC5DE7F48D92B19BE /* Pods-EatAppUITests.release.xcconfig */;
			buildSettings = {
				ALWAYS_EMBED_SWIFT_STANDARD_LIBRARIES = YES;
				CODE_SIGN_STYLE = Automatic;
				CURRENT_PROJECT_VERSION = 1;
				DEVELOPMENT_TEAM = 4TJK89A752;
				GENERATE_INFOPLIST_FILE = YES;
				MARKETING_VERSION = 1.0;
				PRODUCT_BUNDLE_IDENTIFIER = com.ios.EatAppUITests;
				PRODUCT_NAME = "$(TARGET_NAME)";
				SWIFT_EMIT_LOC_STRINGS = NO;
				SWIFT_VERSION = 5.0;
				TARGETED_DEVICE_FAMILY = "1,2";
				TEST_TARGET_NAME = EatApp;
			};
			name = Release;
		};
/* End XCBuildConfiguration section */

/* Begin XCConfigurationList section */
		4D87C61628BBBACF002B0F8B /* Build configuration list for PBXProject "EatApp" */ = {
			isa = XCConfigurationList;
			buildConfigurations = (
				4D87C64328BBBAD0002B0F8B /* Debug */,
				4D87C64428BBBAD0002B0F8B /* Release */,
			);
			defaultConfigurationIsVisible = 0;
			defaultConfigurationName = Release;
		};
		4D87C64528BBBAD0002B0F8B /* Build configuration list for PBXNativeTarget "EatApp" */ = {
			isa = XCConfigurationList;
			buildConfigurations = (
				4D87C64628BBBAD0002B0F8B /* Debug */,
				4D87C64728BBBAD0002B0F8B /* Release */,
			);
			defaultConfigurationIsVisible = 0;
			defaultConfigurationName = Release;
		};
		4D87C64828BBBAD0002B0F8B /* Build configuration list for PBXNativeTarget "EatAppTests" */ = {
			isa = XCConfigurationList;
			buildConfigurations = (
				4D87C64928BBBAD0002B0F8B /* Debug */,
				4D87C64A28BBBAD0002B0F8B /* Release */,
			);
			defaultConfigurationIsVisible = 0;
			defaultConfigurationName = Release;
		};
		4D87C64B28BBBAD0002B0F8B /* Build configuration list for PBXNativeTarget "EatAppUITests" */ = {
			isa = XCConfigurationList;
			buildConfigurations = (
				4D87C64C28BBBAD0002B0F8B /* Debug */,
				4D87C64D28BBBAD0002B0F8B /* Release */,
			);
			defaultConfigurationIsVisible = 0;
			defaultConfigurationName = Release;
		};
/* End XCConfigurationList section */
	};
	rootObject = 4D87C61328BBBACF002B0F8B /* Project object */;
}
