// !$*UTF8*$!
{
	archiveVersion = 1;
	classes = {
	};
	objectVersion = 55;
	objects = {

/* Begin PBXBuildFile section */
		4D73F8BA28BD356700D6D044 /* Network.swift in Sources */ = {isa = PBXBuildFile; fileRef = 4D73F8B428BD356600D6D044 /* Network.swift */; };
		4D73F8BB28BD356700D6D044 /* NetworkConfiguration.swift in Sources */ = {isa = PBXBuildFile; fileRef = 4D73F8B528BD356700D6D044 /* NetworkConfiguration.swift */; };
		4D73F8BC28BD356700D6D044 /* UIApplication + Extension.swift in Sources */ = {isa = PBXBuildFile; fileRef = 4D73F8B628BD356700D6D044 /* UIApplication + Extension.swift */; };
		4D73F8BD28BD356700D6D044 /* NetworkIndicator.swift in Sources */ = {isa = PBXBuildFile; fileRef = 4D73F8B728BD356700D6D044 /* NetworkIndicator.swift */; };
		4D73F8BE28BD356700D6D044 /* NetworkError.swift in Sources */ = {isa = PBXBuildFile; fileRef = 4D73F8B828BD356700D6D044 /* NetworkError.swift */; };
		4D73F8BF28BD356700D6D044 /* Constants.swift in Sources */ = {isa = PBXBuildFile; fileRef = 4D73F8B928BD356700D6D044 /* Constants.swift */; };
		4D87C65D28BBBB25002B0F8B /* ENetwork.docc in Sources */ = {isa = PBXBuildFile; fileRef = 4D87C65C28BBBB25002B0F8B /* ENetwork.docc */; };
		4D87C66328BBBB25002B0F8B /* ENetwork.framework in Frameworks */ = {isa = PBXBuildFile; fileRef = 4D87C65828BBBB25002B0F8B /* ENetwork.framework */; };
		4D87C66828BBBB25002B0F8B /* ENetworkTests.swift in Sources */ = {isa = PBXBuildFile; fileRef = 4D87C66728BBBB25002B0F8B /* ENetworkTests.swift */; };
		4D87C66928BBBB25002B0F8B /* ENetwork.h in Headers */ = {isa = PBXBuildFile; fileRef = 4D87C65B28BBBB25002B0F8B /* ENetwork.h */; settings = {ATTRIBUTES = (Public, ); }; };
		FDCA4BCE7449E632D656984C /* libPods-ENetwork.a in Frameworks */ = {isa = PBXBuildFile; fileRef = 7AD538D4B55D9B5065200FB4 /* libPods-ENetwork.a */; };
/* End PBXBuildFile section */

/* Begin PBXContainerItemProxy section */
		4D87C66428BBBB25002B0F8B /* PBXContainerItemProxy */ = {
			isa = PBXContainerItemProxy;
			containerPortal = 4D87C64F28BBBB25002B0F8B /* Project object */;
			proxyType = 1;
			remoteGlobalIDString = 4D87C65728BBBB25002B0F8B;
			remoteInfo = ENetwork;
		};
/* End PBXContainerItemProxy section */

/* Begin PBXFileReference section */
		4D73F8B428BD356600D6D044 /* Network.swift */ = {isa = PBXFileReference; fileEncoding = 4; lastKnownFileType = sourcecode.swift; path = Network.swift; sourceTree = "<group>"; };
		4D73F8B528BD356700D6D044 /* NetworkConfiguration.swift */ = {isa = PBXFileReference; fileEncoding = 4; lastKnownFileType = sourcecode.swift; path = NetworkConfiguration.swift; sourceTree = "<group>"; };
		4D73F8B628BD356700D6D044 /* UIApplication + Extension.swift */ = {isa = PBXFileReference; fileEncoding = 4; lastKnownFileType = sourcecode.swift; path = "UIApplication + Extension.swift"; sourceTree = "<group>"; };
		4D73F8B728BD356700D6D044 /* NetworkIndicator.swift */ = {isa = PBXFileReference; fileEncoding = 4; lastKnownFileType = sourcecode.swift; path = NetworkIndicator.swift; sourceTree = "<group>"; };
		4D73F8B828BD356700D6D044 /* NetworkError.swift */ = {isa = PBXFileReference; fileEncoding = 4; lastKnownFileType = sourcecode.swift; path = NetworkError.swift; sourceTree = "<group>"; };
		4D73F8B928BD356700D6D044 /* Constants.swift */ = {isa = PBXFileReference; fileEncoding = 4; lastKnownFileType = sourcecode.swift; path = Constants.swift; sourceTree = "<group>"; };
		4D87C65828BBBB25002B0F8B /* ENetwork.framework */ = {isa = PBXFileReference; explicitFileType = wrapper.framework; includeInIndex = 0; path = ENetwork.framework; sourceTree = BUILT_PRODUCTS_DIR; };
		4D87C65B28BBBB25002B0F8B /* ENetwork.h */ = {isa = PBXFileReference; lastKnownFileType = sourcecode.c.h; path = ENetwork.h; sourceTree = "<group>"; };
		4D87C65C28BBBB25002B0F8B /* ENetwork.docc */ = {isa = PBXFileReference; lastKnownFileType = folder.documentationcatalog; path = ENetwork.docc; sourceTree = "<group>"; };
		4D87C66228BBBB25002B0F8B /* ENetworkTests.xctest */ = {isa = PBXFileReference; explicitFileType = wrapper.cfbundle; includeInIndex = 0; path = ENetworkTests.xctest; sourceTree = BUILT_PRODUCTS_DIR; };
		4D87C66728BBBB25002B0F8B /* ENetworkTests.swift */ = {isa = PBXFileReference; lastKnownFileType = sourcecode.swift; path = ENetworkTests.swift; sourceTree = "<group>"; };
		5306822F9B083F752125A73D /* Pods-ENetwork.release.xcconfig */ = {isa = PBXFileReference; includeInIndex = 1; lastKnownFileType = text.xcconfig; name = "Pods-ENetwork.release.xcconfig"; path = "Target Support Files/Pods-ENetwork/Pods-ENetwork.release.xcconfig"; sourceTree = "<group>"; };
		7AD538D4B55D9B5065200FB4 /* libPods-ENetwork.a */ = {isa = PBXFileReference; explicitFileType = archive.ar; includeInIndex = 0; path = "libPods-ENetwork.a"; sourceTree = BUILT_PRODUCTS_DIR; };
		80C87F6C2AA4239CFB82E21B /* Pods-ENetwork.debug.xcconfig */ = {isa = PBXFileReference; includeInIndex = 1; lastKnownFileType = text.xcconfig; name = "Pods-ENetwork.debug.xcconfig"; path = "Target Support Files/Pods-ENetwork/Pods-ENetwork.debug.xcconfig"; sourceTree = "<group>"; };
/* End PBXFileReference section */

/* Begin PBXFrameworksBuildPhase section */
		4D87C65528BBBB25002B0F8B /* Frameworks */ = {
			isa = PBXFrameworksBuildPhase;
			buildActionMask = 2147483647;
			files = (
				FDCA4BCE7449E632D656984C /* libPods-ENetwork.a in Frameworks */,
			);
			runOnlyForDeploymentPostprocessing = 0;
		};
		4D87C65F28BBBB25002B0F8B /* Frameworks */ = {
			isa = PBXFrameworksBuildPhase;
			buildActionMask = 2147483647;
			files = (
				4D87C66328BBBB25002B0F8B /* ENetwork.framework in Frameworks */,
			);
			runOnlyForDeploymentPostprocessing = 0;
		};
/* End PBXFrameworksBuildPhase section */

/* Begin PBXGroup section */
		0E2D9A9B5EF59A10DE8E499B /* Pods */ = {
			isa = PBXGroup;
			children = (
				80C87F6C2AA4239CFB82E21B /* Pods-ENetwork.debug.xcconfig */,
				5306822F9B083F752125A73D /* Pods-ENetwork.release.xcconfig */,
			);
			name = Pods;
			path = ../Pods;
			sourceTree = "<group>";
		};
		23745E07E15E6756219943A0 /* Frameworks */ = {
			isa = PBXGroup;
			children = (
				7AD538D4B55D9B5065200FB4 /* libPods-ENetwork.a */,
			);
			name = Frameworks;
			sourceTree = "<group>";
		};
		4D87C64E28BBBB25002B0F8B = {
			isa = PBXGroup;
			children = (
				4D87C65A28BBBB25002B0F8B /* ENetwork */,
				4D87C66628BBBB25002B0F8B /* ENetworkTests */,
				4D87C65928BBBB25002B0F8B /* Products */,
				0E2D9A9B5EF59A10DE8E499B /* Pods */,
				23745E07E15E6756219943A0 /* Frameworks */,
			);
			sourceTree = "<group>";
		};
		4D87C65928BBBB25002B0F8B /* Products */ = {
			isa = PBXGroup;
			children = (
				4D87C65828BBBB25002B0F8B /* ENetwork.framework */,
				4D87C66228BBBB25002B0F8B /* ENetworkTests.xctest */,
			);
			name = Products;
			sourceTree = "<group>";
		};
		4D87C65A28BBBB25002B0F8B /* ENetwork */ = {
			isa = PBXGroup;
			children = (
				4D87C65B28BBBB25002B0F8B /* ENetwork.h */,
				4D87C65C28BBBB25002B0F8B /* ENetwork.docc */,
				4D73F8B928BD356700D6D044 /* Constants.swift */,
				4D73F8B428BD356600D6D044 /* Network.swift */,
				4D73F8B528BD356700D6D044 /* NetworkConfiguration.swift */,
				4D73F8B828BD356700D6D044 /* NetworkError.swift */,
				4D73F8B728BD356700D6D044 /* NetworkIndicator.swift */,
				4D73F8B628BD356700D6D044 /* UIApplication + Extension.swift */,
			);
			path = ENetwork;
			sourceTree = "<group>";
		};
		4D87C66628BBBB25002B0F8B /* ENetworkTests */ = {
			isa = PBXGroup;
			children = (
				4D87C66728BBBB25002B0F8B /* ENetworkTests.swift */,
			);
			path = ENetworkTests;
			sourceTree = "<group>";
		};
/* End PBXGroup section */

/* Begin PBXHeadersBuildPhase section */
		4D87C65328BBBB25002B0F8B /* Headers */ = {
			isa = PBXHeadersBuildPhase;
			buildActionMask = 2147483647;
			files = (
				4D87C66928BBBB25002B0F8B /* ENetwork.h in Headers */,
			);
			runOnlyForDeploymentPostprocessing = 0;
		};
/* End PBXHeadersBuildPhase section */

/* Begin PBXNativeTarget section */
		4D87C65728BBBB25002B0F8B /* ENetwork */ = {
			isa = PBXNativeTarget;
			buildConfigurationList = 4D87C66C28BBBB25002B0F8B /* Build configuration list for PBXNativeTarget "ENetwork" */;
			buildPhases = (
				50A46FCF7BB8CBFDFB3B20F2 /* [CP] Check Pods Manifest.lock */,
				4D87C65328BBBB25002B0F8B /* Headers */,
				4D87C65428BBBB25002B0F8B /* Sources */,
				4D87C65528BBBB25002B0F8B /* Frameworks */,
				4D87C65628BBBB25002B0F8B /* Resources */,
			);
			buildRules = (
			);
			dependencies = (
			);
			name = ENetwork;
			productName = ENetwork;
			productReference = 4D87C65828BBBB25002B0F8B /* ENetwork.framework */;
			productType = "com.apple.product-type.framework";
		};
		4D87C66128BBBB25002B0F8B /* ENetworkTests */ = {
			isa = PBXNativeTarget;
			buildConfigurationList = 4D87C66F28BBBB25002B0F8B /* Build configuration list for PBXNativeTarget "ENetworkTests" */;
			buildPhases = (
				4D87C65E28BBBB25002B0F8B /* Sources */,
				4D87C65F28BBBB25002B0F8B /* Frameworks */,
				4D87C66028BBBB25002B0F8B /* Resources */,
			);
			buildRules = (
			);
			dependencies = (
				4D87C66528BBBB25002B0F8B /* PBXTargetDependency */,
			);
			name = ENetworkTests;
			productName = ENetworkTests;
			productReference = 4D87C66228BBBB25002B0F8B /* ENetworkTests.xctest */;
			productType = "com.apple.product-type.bundle.unit-test";
		};
/* End PBXNativeTarget section */

/* Begin PBXProject section */
		4D87C64F28BBBB25002B0F8B /* Project object */ = {
			isa = PBXProject;
			attributes = {
				BuildIndependentTargetsInParallel = 1;
				LastSwiftUpdateCheck = 1330;
				LastUpgradeCheck = 1330;
				TargetAttributes = {
					4D87C65728BBBB25002B0F8B = {
						CreatedOnToolsVersion = 13.3.1;
					};
					4D87C66128BBBB25002B0F8B = {
						CreatedOnToolsVersion = 13.3.1;
					};
				};
			};
			buildConfigurationList = 4D87C65228BBBB25002B0F8B /* Build configuration list for PBXProject "ENetwork" */;
			compatibilityVersion = "Xcode 13.0";
			developmentRegion = en;
			hasScannedForEncodings = 0;
			knownRegions = (
				en,
				Base,
			);
			mainGroup = 4D87C64E28BBBB25002B0F8B;
			productRefGroup = 4D87C65928BBBB25002B0F8B /* Products */;
			projectDirPath = "";
			projectRoot = "";
			targets = (
				4D87C65728BBBB25002B0F8B /* ENetwork */,
				4D87C66128BBBB25002B0F8B /* ENetworkTests */,
			);
		};
/* End PBXProject section */

/* Begin PBXResourcesBuildPhase section */
		4D87C65628BBBB25002B0F8B /* Resources */ = {
			isa = PBXResourcesBuildPhase;
			buildActionMask = 2147483647;
			files = (
			);
			runOnlyForDeploymentPostprocessing = 0;
		};
		4D87C66028BBBB25002B0F8B /* Resources */ = {
			isa = PBXResourcesBuildPhase;
			buildActionMask = 2147483647;
			files = (
			);
			runOnlyForDeploymentPostprocessing = 0;
		};
/* End PBXResourcesBuildPhase section */

/* Begin PBXShellScriptBuildPhase section */
		50A46FCF7BB8CBFDFB3B20F2 /* [CP] Check Pods Manifest.lock */ = {
			isa = PBXShellScriptBuildPhase;
			buildActionMask = 2147483647;
			files = (
			);
			inputFileListPaths = (
			);
			inputPaths = (
				"${PODS_PODFILE_DIR_PATH}/Podfile.lock",
				"${PODS_ROOT}/Manifest.lock",
			);
			name = "[CP] Check Pods Manifest.lock";
			outputFileListPaths = (
			);
			outputPaths = (
				"$(DERIVED_FILE_DIR)/Pods-ENetwork-checkManifestLockResult.txt",
			);
			runOnlyForDeploymentPostprocessing = 0;
			shellPath = /bin/sh;
			shellScript = "diff \"${PODS_PODFILE_DIR_PATH}/Podfile.lock\" \"${PODS_ROOT}/Manifest.lock\" > /dev/null\nif [ $? != 0 ] ; then\n    # print error to STDERR\n    echo \"error: The sandbox is not in sync with the Podfile.lock. Run 'pod install' or update your CocoaPods installation.\" >&2\n    exit 1\nfi\n# This output is used by Xcode 'outputs' to avoid re-running this script phase.\necho \"SUCCESS\" > \"${SCRIPT_OUTPUT_FILE_0}\"\n";
			showEnvVarsInLog = 0;
		};
/* End PBXShellScriptBuildPhase section */

/* Begin PBXSourcesBuildPhase section */
		4D87C65428BBBB25002B0F8B /* Sources */ = {
			isa = PBXSourcesBuildPhase;
			buildActionMask = 2147483647;
			files = (
				4D73F8BE28BD356700D6D044 /* NetworkError.swift in Sources */,
				4D87C65D28BBBB25002B0F8B /* ENetwork.docc in Sources */,
				4D73F8BA28BD356700D6D044 /* Network.swift in Sources */,
				4D73F8BB28BD356700D6D044 /* NetworkConfiguration.swift in Sources */,
				4D73F8BD28BD356700D6D044 /* NetworkIndicator.swift in Sources */,
				4D73F8BC28BD356700D6D044 /* UIApplication + Extension.swift in Sources */,
				4D73F8BF28BD356700D6D044 /* Constants.swift in Sources */,
			);
			runOnlyForDeploymentPostprocessing = 0;
		};
		4D87C65E28BBBB25002B0F8B /* Sources */ = {
			isa = PBXSourcesBuildPhase;
			buildActionMask = 2147483647;
			files = (
				4D87C66828BBBB25002B0F8B /* ENetworkTests.swift in Sources */,
			);
			runOnlyForDeploymentPostprocessing = 0;
		};
/* End PBXSourcesBuildPhase section */

/* Begin PBXTargetDependency section */
		4D87C66528BBBB25002B0F8B /* PBXTargetDependency */ = {
			isa = PBXTargetDependency;
			target = 4D87C65728BBBB25002B0F8B /* ENetwork */;
			targetProxy = 4D87C66428BBBB25002B0F8B /* PBXContainerItemProxy */;
		};
/* End PBXTargetDependency section */

/* Begin XCBuildConfiguration section */
		4D87C66A28BBBB25002B0F8B /* Debug */ = {
			isa = XCBuildConfiguration;
			buildSettings = {
				ALWAYS_SEARCH_USER_PATHS = NO;
				CLANG_ANALYZER_NONNULL = YES;
				CLANG_ANALYZER_NUMBER_OBJECT_CONVERSION = YES_AGGRESSIVE;
				CLANG_CXX_LANGUAGE_STANDARD = "gnu++17";
				CLANG_ENABLE_MODULES = YES;
				CLANG_ENABLE_OBJC_ARC = YES;
				CLANG_ENABLE_OBJC_WEAK = YES;
				CLANG_WARN_BLOCK_CAPTURE_AUTORELEASING = YES;
				CLANG_WARN_BOOL_CONVERSION = YES;
				CLANG_WARN_COMMA = YES;
				CLANG_WARN_CONSTANT_CONVERSION = YES;
				CLANG_WARN_DEPRECATED_OBJC_IMPLEMENTATIONS = YES;
				CLANG_WARN_DIRECT_OBJC_ISA_USAGE = YES_ERROR;
				CLANG_WARN_DOCUMENTATION_COMMENTS = YES;
				CLANG_WARN_EMPTY_BODY = YES;
				CLANG_WARN_ENUM_CONVERSION = YES;
				CLANG_WARN_INFINITE_RECURSION = YES;
				CLANG_WARN_INT_CONVERSION = YES;
				CLANG_WARN_NON_LITERAL_NULL_CONVERSION = YES;
				CLANG_WARN_OBJC_IMPLICIT_RETAIN_SELF = YES;
				CLANG_WARN_OBJC_LITERAL_CONVERSION = YES;
				CLANG_WARN_OBJC_ROOT_CLASS = YES_ERROR;
				CLANG_WARN_QUOTED_INCLUDE_IN_FRAMEWORK_HEADER = YES;
				CLANG_WARN_RANGE_LOOP_ANALYSIS = YES;
				CLANG_WARN_STRICT_PROTOTYPES = YES;
				CLANG_WARN_SUSPICIOUS_MOVE = YES;
				CLANG_WARN_UNGUARDED_AVAILABILITY = YES_AGGRESSIVE;
				CLANG_WARN_UNREACHABLE_CODE = YES;
				CLANG_WARN__DUPLICATE_METHOD_MATCH = YES;
				COPY_PHASE_STRIP = NO;
				CURRENT_PROJECT_VERSION = 1;
				DEBUG_INFORMATION_FORMAT = dwarf;
				ENABLE_STRICT_OBJC_MSGSEND = YES;
				ENABLE_TESTABILITY = YES;
				GCC_C_LANGUAGE_STANDARD = gnu11;
				GCC_DYNAMIC_NO_PIC = NO;
				GCC_NO_COMMON_BLOCKS = YES;
				GCC_OPTIMIZATION_LEVEL = 0;
				GCC_PREPROCESSOR_DEFINITIONS = (
					"DEBUG=1",
					"$(inherited)",
				);
				GCC_WARN_64_TO_32_BIT_CONVERSION = YES;
				GCC_WARN_ABOUT_RETURN_TYPE = YES_ERROR;
				GCC_WARN_UNDECLARED_SELECTOR = YES;
				GCC_WARN_UNINITIALIZED_AUTOS = YES_AGGRESSIVE;
				GCC_WARN_UNUSED_FUNCTION = YES;
				GCC_WARN_UNUSED_VARIABLE = YES;
				IPHONEOS_DEPLOYMENT_TARGET = 15.4;
				MTL_ENABLE_DEBUG_INFO = INCLUDE_SOURCE;
				MTL_FAST_MATH = YES;
				ONLY_ACTIVE_ARCH = YES;
				SDKROOT = iphoneos;
				SWIFT_ACTIVE_COMPILATION_CONDITIONS = DEBUG;
				SWIFT_OPTIMIZATION_LEVEL = "-Onone";
				VERSIONING_SYSTEM = "apple-generic";
				VERSION_INFO_PREFIX = "";
			};
			name = Debug;
		};
		4D87C66B28BBBB25002B0F8B /* Release */ = {
			isa = XCBuildConfiguration;
			buildSettings = {
				ALWAYS_SEARCH_USER_PATHS = NO;
				CLANG_ANALYZER_NONNULL = YES;
				CLANG_ANALYZER_NUMBER_OBJECT_CONVERSION = YES_AGGRESSIVE;
				CLANG_CXX_LANGUAGE_STANDARD = "gnu++17";
				CLANG_ENABLE_MODULES = YES;
				CLANG_ENABLE_OBJC_ARC = YES;
				CLANG_ENABLE_OBJC_WEAK = YES;
				CLANG_WARN_BLOCK_CAPTURE_AUTORELEASING = YES;
				CLANG_WARN_BOOL_CONVERSION = YES;
				CLANG_WARN_COMMA = YES;
				CLANG_WARN_CONSTANT_CONVERSION = YES;
				CLANG_WARN_DEPRECATED_OBJC_IMPLEMENTATIONS = YES;
				CLANG_WARN_DIRECT_OBJC_ISA_USAGE = YES_ERROR;
				CLANG_WARN_DOCUMENTATION_COMMENTS = YES;
				CLANG_WARN_EMPTY_BODY = YES;
				CLANG_WARN_ENUM_CONVERSION = YES;
				CLANG_WARN_INFINITE_RECURSION = YES;
				CLANG_WARN_INT_CONVERSION = YES;
				CLANG_WARN_NON_LITERAL_NULL_CONVERSION = YES;
				CLANG_WARN_OBJC_IMPLICIT_RETAIN_SELF = YES;
				CLANG_WARN_OBJC_LITERAL_CONVERSION = YES;
				CLANG_WARN_OBJC_ROOT_CLASS = YES_ERROR;
				CLANG_WARN_QUOTED_INCLUDE_IN_FRAMEWORK_HEADER = YES;
				CLANG_WARN_RANGE_LOOP_ANALYSIS = YES;
				CLANG_WARN_STRICT_PROTOTYPES = YES;
				CLANG_WARN_SUSPICIOUS_MOVE = YES;
				CLANG_WARN_UNGUARDED_AVAILABILITY = YES_AGGRESSIVE;
				CLANG_WARN_UNREACHABLE_CODE = YES;
				CLANG_WARN__DUPLICATE_METHOD_MATCH = YES;
				COPY_PHASE_STRIP = NO;
				CURRENT_PROJECT_VERSION = 1;
				DEBUG_INFORMATION_FORMAT = "dwarf-with-dsym";
				ENABLE_NS_ASSERTIONS = NO;
				ENABLE_STRICT_OBJC_MSGSEND = YES;
				GCC_C_LANGUAGE_STANDARD = gnu11;
				GCC_NO_COMMON_BLOCKS = YES;
				GCC_WARN_64_TO_32_BIT_CONVERSION = YES;
				GCC_WARN_ABOUT_RETURN_TYPE = YES_ERROR;
				GCC_WARN_UNDECLARED_SELECTOR = YES;
				GCC_WARN_UNINITIALIZED_AUTOS = YES_AGGRESSIVE;
				GCC_WARN_UNUSED_FUNCTION = YES;
				GCC_WARN_UNUSED_VARIABLE = YES;
				IPHONEOS_DEPLOYMENT_TARGET = 15.4;
				MTL_ENABLE_DEBUG_INFO = NO;
				MTL_FAST_MATH = YES;
				SDKROOT = iphoneos;
				SWIFT_COMPILATION_MODE = wholemodule;
				SWIFT_OPTIMIZATION_LEVEL = "-O";
				VALIDATE_PRODUCT = YES;
				VERSIONING_SYSTEM = "apple-generic";
				VERSION_INFO_PREFIX = "";
			};
			name = Release;
		};
		4D87C66D28BBBB25002B0F8B /* Debug */ = {
			isa = XCBuildConfiguration;
			baseConfigurationReference = 80C87F6C2AA4239CFB82E21B /* Pods-ENetwork.debug.xcconfig */;
			buildSettings = {
				CODE_SIGN_STYLE = Automatic;
				CURRENT_PROJECT_VERSION = 1;
				DEFINES_MODULE = YES;
				DEVELOPMENT_TEAM = 4TJK89A752;
				DYLIB_COMPATIBILITY_VERSION = 1;
				DYLIB_CURRENT_VERSION = 1;
				DYLIB_INSTALL_NAME_BASE = "@rpath";
				GENERATE_INFOPLIST_FILE = YES;
				INFOPLIST_KEY_NSHumanReadableCopyright = "";
				INSTALL_PATH = "$(LOCAL_LIBRARY_DIR)/Frameworks";
				LD_RUNPATH_SEARCH_PATHS = (
					"$(inherited)",
					"@executable_path/Frameworks",
					"@loader_path/Frameworks",
				);
				MARKETING_VERSION = 1.0;
				PRODUCT_BUNDLE_IDENTIFIER = com.ios.ENetwork;
				PRODUCT_NAME = "$(TARGET_NAME:c99extidentifier)";
				SKIP_INSTALL = YES;
				SWIFT_EMIT_LOC_STRINGS = YES;
				SWIFT_VERSION = 5.0;
				TARGETED_DEVICE_FAMILY = "1,2";
			};
			name = Debug;
		};
		4D87C66E28BBBB25002B0F8B /* Release */ = {
			isa = XCBuildConfiguration;
			baseConfigurationReference = 5306822F9B083F752125A73D /* Pods-ENetwork.release.xcconfig */;
			buildSettings = {
				CODE_SIGN_STYLE = Automatic;
				CURRENT_PROJECT_VERSION = 1;
				DEFINES_MODULE = YES;
				DEVELOPMENT_TEAM = 4TJK89A752;
				DYLIB_COMPATIBILITY_VERSION = 1;
				DYLIB_CURRENT_VERSION = 1;
				DYLIB_INSTALL_NAME_BASE = "@rpath";
				GENERATE_INFOPLIST_FILE = YES;
				INFOPLIST_KEY_NSHumanReadableCopyright = "";
				INSTALL_PATH = "$(LOCAL_LIBRARY_DIR)/Frameworks";
				LD_RUNPATH_SEARCH_PATHS = (
					"$(inherited)",
					"@executable_path/Frameworks",
					"@loader_path/Frameworks",
				);
				MARKETING_VERSION = 1.0;
				PRODUCT_BUNDLE_IDENTIFIER = com.ios.ENetwork;
				PRODUCT_NAME = "$(TARGET_NAME:c99extidentifier)";
				SKIP_INSTALL = YES;
				SWIFT_EMIT_LOC_STRINGS = YES;
				SWIFT_VERSION = 5.0;
				TARGETED_DEVICE_FAMILY = "1,2";
			};
			name = Release;
		};
		4D87C67028BBBB25002B0F8B /* Debug */ = {
			isa = XCBuildConfiguration;
			buildSettings = {
				ALWAYS_EMBED_SWIFT_STANDARD_LIBRARIES = YES;
				CODE_SIGN_STYLE = Automatic;
				CURRENT_PROJECT_VERSION = 1;
				DEVELOPMENT_TEAM = 4TJK89A752;
				GENERATE_INFOPLIST_FILE = YES;
				MARKETING_VERSION = 1.0;
				PRODUCT_BUNDLE_IDENTIFIER = com.ios.ENetworkTests;
				PRODUCT_NAME = "$(TARGET_NAME)";
				SWIFT_EMIT_LOC_STRINGS = NO;
				SWIFT_VERSION = 5.0;
				TARGETED_DEVICE_FAMILY = "1,2";
			};
			name = Debug;
		};
		4D87C67128BBBB25002B0F8B /* Release */ = {
			isa = XCBuildConfiguration;
			buildSettings = {
				ALWAYS_EMBED_SWIFT_STANDARD_LIBRARIES = YES;
				CODE_SIGN_STYLE = Automatic;
				CURRENT_PROJECT_VERSION = 1;
				DEVELOPMENT_TEAM = 4TJK89A752;
				GENERATE_INFOPLIST_FILE = YES;
				MARKETING_VERSION = 1.0;
				PRODUCT_BUNDLE_IDENTIFIER = com.ios.ENetworkTests;
				PRODUCT_NAME = "$(TARGET_NAME)";
				SWIFT_EMIT_LOC_STRINGS = NO;
				SWIFT_VERSION = 5.0;
				TARGETED_DEVICE_FAMILY = "1,2";
			};
			name = Release;
		};
/* End XCBuildConfiguration section */

/* Begin XCConfigurationList section */
		4D87C65228BBBB25002B0F8B /* Build configuration list for PBXProject "ENetwork" */ = {
			isa = XCConfigurationList;
			buildConfigurations = (
				4D87C66A28BBBB25002B0F8B /* Debug */,
				4D87C66B28BBBB25002B0F8B /* Release */,
			);
			defaultConfigurationIsVisible = 0;
			defaultConfigurationName = Release;
		};
		4D87C66C28BBBB25002B0F8B /* Build configuration list for PBXNativeTarget "ENetwork" */ = {
			isa = XCConfigurationList;
			buildConfigurations = (
				4D87C66D28BBBB25002B0F8B /* Debug */,
				4D87C66E28BBBB25002B0F8B /* Release */,
			);
			defaultConfigurationIsVisible = 0;
			defaultConfigurationName = Release;
		};
		4D87C66F28BBBB25002B0F8B /* Build configuration list for PBXNativeTarget "ENetworkTests" */ = {
			isa = XCConfigurationList;
			buildConfigurations = (
				4D87C67028BBBB25002B0F8B /* Debug */,
				4D87C67128BBBB25002B0F8B /* Release */,
			);
			defaultConfigurationIsVisible = 0;
			defaultConfigurationName = Release;
		};
/* End XCConfigurationList section */
	};
	rootObject = 4D87C64F28BBBB25002B0F8B /* Project object */;
}
